PODS:
  - boost (1.76.0)
  - BVLinearGradient (2.6.2):
    - React-Core
  - DoubleConversion (1.1.6)
  - FBLazyVector (0.68.6)
  - FBReactNativeSpec (0.68.6):
    - RCT-Folly (= 2021.06.28.00-v2)
    - RCTRequired (= 0.68.6)
    - RCTTypeSafety (= 0.68.6)
    - React-Core (= 0.68.6)
    - React-jsi (= 0.68.6)
    - ReactCommon/turbomodule/core (= 0.68.6)
  - Firebase/Analytics (10.22.0):
    - Firebase/Core
  - Firebase/Core (10.22.0):
    - Firebase/CoreOnly
    - FirebaseAnalytics (~> 10.22.0)
  - Firebase/CoreOnly (10.22.0):
    - FirebaseCore (= 10.22.0)
  - Firebase/Crashlytics (10.22.0):
    - Firebase/CoreOnly
    - FirebaseCrashlytics (~> 10.22.0)
  - FirebaseAnalytics (10.22.0):
    - FirebaseAnalytics/AdIdSupport (= 10.22.0)
    - FirebaseCore (~> 10.0)
    - FirebaseInstallations (~> 10.0)
    - GoogleUtilities/AppDelegateSwizzler (~> 7.11)
    - GoogleUtilities/MethodSwizzler (~> 7.11)
    - GoogleUtilities/Network (~> 7.11)
    - "GoogleUtilities/NSData+zlib (~> 7.11)"
    - nanopb (< 2.30911.0, >= 2.30908.0)
  - FirebaseAnalytics/AdIdSupport (10.22.0):
    - FirebaseCore (~> 10.0)
    - FirebaseInstallations (~> 10.0)
    - GoogleAppMeasurement (= 10.22.0)
    - GoogleUtilities/AppDelegateSwizzler (~> 7.11)
    - GoogleUtilities/MethodSwizzler (~> 7.11)
    - GoogleUtilities/Network (~> 7.11)
    - "GoogleUtilities/NSData+zlib (~> 7.11)"
    - nanopb (< 2.30911.0, >= 2.30908.0)
  - FirebaseCore (10.22.0):
    - FirebaseCoreInternal (~> 10.0)
    - GoogleUtilities/Environment (~> 7.12)
    - GoogleUtilities/Logger (~> 7.12)
  - FirebaseCoreExtension (10.22.0):
    - FirebaseCore (~> 10.0)
  - FirebaseCoreInternal (10.23.0):
    - "GoogleUtilities/NSData+zlib (~> 7.8)"
  - FirebaseCrashlytics (10.22.0):
    - FirebaseCore (~> 10.5)
    - FirebaseInstallations (~> 10.0)
    - FirebaseSessions (~> 10.5)
    - GoogleDataTransport (~> 9.2)
    - GoogleUtilities/Environment (~> 7.8)
    - nanopb (< 2.30911.0, >= 2.30908.0)
    - PromisesObjC (~> 2.1)
  - FirebaseInstallations (10.23.0):
    - FirebaseCore (~> 10.0)
    - GoogleUtilities/Environment (~> 7.8)
    - GoogleUtilities/UserDefaults (~> 7.8)
    - PromisesObjC (~> 2.1)
  - FirebaseSessions (10.23.0):
    - FirebaseCore (~> 10.5)
    - FirebaseCoreExtension (~> 10.0)
    - FirebaseInstallations (~> 10.0)
    - GoogleDataTransport (~> 9.2)
    - GoogleUtilities/Environment (~> 7.10)
    - nanopb (< 2.30911.0, >= 2.30908.0)
    - PromisesSwift (~> 2.1)
  - fmt (6.2.1)
  - glog (0.3.5)
  - GoogleAppMeasurement (10.22.0):
    - GoogleAppMeasurement/AdIdSupport (= 10.22.0)
    - GoogleUtilities/AppDelegateSwizzler (~> 7.11)
    - GoogleUtilities/MethodSwizzler (~> 7.11)
    - GoogleUtilities/Network (~> 7.11)
    - "GoogleUtilities/NSData+zlib (~> 7.11)"
    - nanopb (< 2.30911.0, >= 2.30908.0)
  - GoogleAppMeasurement/AdIdSupport (10.22.0):
    - GoogleAppMeasurement/WithoutAdIdSupport (= 10.22.0)
    - GoogleUtilities/AppDelegateSwizzler (~> 7.11)
    - GoogleUtilities/MethodSwizzler (~> 7.11)
    - GoogleUtilities/Network (~> 7.11)
    - "GoogleUtilities/NSData+zlib (~> 7.11)"
    - nanopb (< 2.30911.0, >= 2.30908.0)
  - GoogleAppMeasurement/WithoutAdIdSupport (10.22.0):
    - GoogleUtilities/AppDelegateSwizzler (~> 7.11)
    - GoogleUtilities/MethodSwizzler (~> 7.11)
    - GoogleUtilities/Network (~> 7.11)
    - "GoogleUtilities/NSData+zlib (~> 7.11)"
    - nanopb (< 2.30911.0, >= 2.30908.0)
  - GoogleDataTransport (9.4.1):
    - GoogleUtilities/Environment (~> 7.7)
    - nanopb (< 2.30911.0, >= 2.30908.0)
    - PromisesObjC (< 3.0, >= 1.2)
  - GoogleUtilities/AppDelegateSwizzler (7.13.0):
    - GoogleUtilities/Environment
    - GoogleUtilities/Logger
    - GoogleUtilities/Network
    - GoogleUtilities/Privacy
  - GoogleUtilities/Environment (7.13.0):
    - GoogleUtilities/Privacy
    - PromisesObjC (< 3.0, >= 1.2)
  - GoogleUtilities/Logger (7.13.0):
    - GoogleUtilities/Environment
    - GoogleUtilities/Privacy
  - GoogleUtilities/MethodSwizzler (7.13.0):
    - GoogleUtilities/Logger
    - GoogleUtilities/Privacy
  - GoogleUtilities/Network (7.13.0):
    - GoogleUtilities/Logger
    - "GoogleUtilities/NSData+zlib"
    - GoogleUtilities/Privacy
    - GoogleUtilities/Reachability
  - "GoogleUtilities/NSData+zlib (7.13.0)":
    - GoogleUtilities/Privacy
  - GoogleUtilities/Privacy (7.13.0)
  - GoogleUtilities/Reachability (7.13.0):
    - GoogleUtilities/Logger
    - GoogleUtilities/Privacy
  - GoogleUtilities/UserDefaults (7.13.0):
    - GoogleUtilities/Logger
    - GoogleUtilities/Privacy
  - libwebp (1.3.2):
    - libwebp/demux (= 1.3.2)
    - libwebp/mux (= 1.3.2)
    - libwebp/sharpyuv (= 1.3.2)
    - libwebp/webp (= 1.3.2)
  - libwebp/demux (1.3.2):
    - libwebp/webp
  - libwebp/mux (1.3.2):
    - libwebp/demux
  - libwebp/sharpyuv (1.3.2)
  - libwebp/webp (1.3.2):
    - libwebp/sharpyuv
  - nanopb (2.30910.0):
    - nanopb/decode (= 2.30910.0)
    - nanopb/encode (= 2.30910.0)
  - nanopb/decode (2.30910.0)
  - nanopb/encode (2.30910.0)
  - Permission-Camera (3.6.1):
    - RNPermissions
  - PromisesObjC (2.4.0)
  - PromisesSwift (2.4.0):
    - PromisesObjC (= 2.4.0)
  - RCT-Folly (2021.06.28.00-v2):
    - boost
    - DoubleConversion
    - fmt (~> 6.2.1)
    - glog
    - RCT-Folly/Default (= 2021.06.28.00-v2)
  - RCT-Folly/Default (2021.06.28.00-v2):
    - boost
    - DoubleConversion
    - fmt (~> 6.2.1)
    - glog
  - RCTRequired (0.68.6)
  - RCTTypeSafety (0.68.6):
    - FBLazyVector (= 0.68.6)
    - RCT-Folly (= 2021.06.28.00-v2)
    - RCTRequired (= 0.68.6)
    - React-Core (= 0.68.6)
  - React (0.68.6):
    - React-Core (= 0.68.6)
    - React-Core/DevSupport (= 0.68.6)
    - React-Core/RCTWebSocket (= 0.68.6)
    - React-RCTActionSheet (= 0.68.6)
    - React-RCTAnimation (= 0.68.6)
    - React-RCTBlob (= 0.68.6)
    - React-RCTImage (= 0.68.6)
    - React-RCTLinking (= 0.68.6)
    - React-RCTNetwork (= 0.68.6)
    - React-RCTSettings (= 0.68.6)
    - React-RCTText (= 0.68.6)
    - React-RCTVibration (= 0.68.6)
  - React-callinvoker (0.68.6)
  - React-Codegen (0.68.6):
    - FBReactNativeSpec (= 0.68.6)
    - RCT-Folly (= 2021.06.28.00-v2)
    - RCTRequired (= 0.68.6)
    - RCTTypeSafety (= 0.68.6)
    - React-Core (= 0.68.6)
    - React-jsi (= 0.68.6)
    - React-jsiexecutor (= 0.68.6)
    - ReactCommon/turbomodule/core (= 0.68.6)
  - React-Core (0.68.6):
    - glog
    - RCT-Folly (= 2021.06.28.00-v2)
    - React-Core/Default (= 0.68.6)
    - React-cxxreact (= 0.68.6)
    - React-jsi (= 0.68.6)
    - React-jsiexecutor (= 0.68.6)
    - React-perflogger (= 0.68.6)
    - Yoga
  - React-Core/CoreModulesHeaders (0.68.6):
    - glog
    - RCT-Folly (= 2021.06.28.00-v2)
    - React-Core/Default
    - React-cxxreact (= 0.68.6)
    - React-jsi (= 0.68.6)
    - React-jsiexecutor (= 0.68.6)
    - React-perflogger (= 0.68.6)
    - Yoga
  - React-Core/Default (0.68.6):
    - glog
    - RCT-Folly (= 2021.06.28.00-v2)
    - React-cxxreact (= 0.68.6)
    - React-jsi (= 0.68.6)
    - React-jsiexecutor (= 0.68.6)
    - React-perflogger (= 0.68.6)
    - Yoga
  - React-Core/DevSupport (0.68.6):
    - glog
    - RCT-Folly (= 2021.06.28.00-v2)
    - React-Core/Default (= 0.68.6)
    - React-Core/RCTWebSocket (= 0.68.6)
    - React-cxxreact (= 0.68.6)
    - React-jsi (= 0.68.6)
    - React-jsiexecutor (= 0.68.6)
    - React-jsinspector (= 0.68.6)
    - React-perflogger (= 0.68.6)
    - Yoga
  - React-Core/RCTActionSheetHeaders (0.68.6):
    - glog
    - RCT-Folly (= 2021.06.28.00-v2)
    - React-Core/Default
    - React-cxxreact (= 0.68.6)
    - React-jsi (= 0.68.6)
    - React-jsiexecutor (= 0.68.6)
    - React-perflogger (= 0.68.6)
    - Yoga
  - React-Core/RCTAnimationHeaders (0.68.6):
    - glog
    - RCT-Folly (= 2021.06.28.00-v2)
    - React-Core/Default
    - React-cxxreact (= 0.68.6)
    - React-jsi (= 0.68.6)
    - React-jsiexecutor (= 0.68.6)
    - React-perflogger (= 0.68.6)
    - Yoga
  - React-Core/RCTBlobHeaders (0.68.6):
    - glog
    - RCT-Folly (= 2021.06.28.00-v2)
    - React-Core/Default
    - React-cxxreact (= 0.68.6)
    - React-jsi (= 0.68.6)
    - React-jsiexecutor (= 0.68.6)
    - React-perflogger (= 0.68.6)
    - Yoga
  - React-Core/RCTImageHeaders (0.68.6):
    - glog
    - RCT-Folly (= 2021.06.28.00-v2)
    - React-Core/Default
    - React-cxxreact (= 0.68.6)
    - React-jsi (= 0.68.6)
    - React-jsiexecutor (= 0.68.6)
    - React-perflogger (= 0.68.6)
    - Yoga
  - React-Core/RCTLinkingHeaders (0.68.6):
    - glog
    - RCT-Folly (= 2021.06.28.00-v2)
    - React-Core/Default
    - React-cxxreact (= 0.68.6)
    - React-jsi (= 0.68.6)
    - React-jsiexecutor (= 0.68.6)
    - React-perflogger (= 0.68.6)
    - Yoga
  - React-Core/RCTNetworkHeaders (0.68.6):
    - glog
    - RCT-Folly (= 2021.06.28.00-v2)
    - React-Core/Default
    - React-cxxreact (= 0.68.6)
    - React-jsi (= 0.68.6)
    - React-jsiexecutor (= 0.68.6)
    - React-perflogger (= 0.68.6)
    - Yoga
  - React-Core/RCTSettingsHeaders (0.68.6):
    - glog
    - RCT-Folly (= 2021.06.28.00-v2)
    - React-Core/Default
    - React-cxxreact (= 0.68.6)
    - React-jsi (= 0.68.6)
    - React-jsiexecutor (= 0.68.6)
    - React-perflogger (= 0.68.6)
    - Yoga
  - React-Core/RCTTextHeaders (0.68.6):
    - glog
    - RCT-Folly (= 2021.06.28.00-v2)
    - React-Core/Default
    - React-cxxreact (= 0.68.6)
    - React-jsi (= 0.68.6)
    - React-jsiexecutor (= 0.68.6)
    - React-perflogger (= 0.68.6)
    - Yoga
  - React-Core/RCTVibrationHeaders (0.68.6):
    - glog
    - RCT-Folly (= 2021.06.28.00-v2)
    - React-Core/Default
    - React-cxxreact (= 0.68.6)
    - React-jsi (= 0.68.6)
    - React-jsiexecutor (= 0.68.6)
    - React-perflogger (= 0.68.6)
    - Yoga
  - React-Core/RCTWebSocket (0.68.6):
    - glog
    - RCT-Folly (= 2021.06.28.00-v2)
    - React-Core/Default (= 0.68.6)
    - React-cxxreact (= 0.68.6)
    - React-jsi (= 0.68.6)
    - React-jsiexecutor (= 0.68.6)
    - React-perflogger (= 0.68.6)
    - Yoga
  - React-CoreModules (0.68.6):
    - RCT-Folly (= 2021.06.28.00-v2)
    - RCTTypeSafety (= 0.68.6)
    - React-Codegen (= 0.68.6)
    - React-Core/CoreModulesHeaders (= 0.68.6)
    - React-jsi (= 0.68.6)
    - React-RCTImage (= 0.68.6)
    - ReactCommon/turbomodule/core (= 0.68.6)
  - React-cxxreact (0.68.6):
    - boost (= 1.76.0)
    - DoubleConversion
    - glog
    - RCT-Folly (= 2021.06.28.00-v2)
    - React-callinvoker (= 0.68.6)
    - React-jsi (= 0.68.6)
    - React-jsinspector (= 0.68.6)
    - React-logger (= 0.68.6)
    - React-perflogger (= 0.68.6)
    - React-runtimeexecutor (= 0.68.6)
  - React-jsi (0.68.6):
    - boost (= 1.76.0)
    - DoubleConversion
    - glog
    - RCT-Folly (= 2021.06.28.00-v2)
    - React-jsi/Default (= 0.68.6)
  - React-jsi/Default (0.68.6):
    - boost (= 1.76.0)
    - DoubleConversion
    - glog
    - RCT-Folly (= 2021.06.28.00-v2)
  - React-jsiexecutor (0.68.6):
    - DoubleConversion
    - glog
    - RCT-Folly (= 2021.06.28.00-v2)
    - React-cxxreact (= 0.68.6)
    - React-jsi (= 0.68.6)
    - React-perflogger (= 0.68.6)
  - React-jsinspector (0.68.6)
  - React-logger (0.68.6):
    - glog
  - react-native-camera (3.44.3):
    - React-Core
    - react-native-camera/RCT (= 3.44.3)
    - react-native-camera/RN (= 3.44.3)
  - react-native-camera/RCT (3.44.3):
    - React-Core
  - react-native-camera/RN (3.44.3):
    - React-Core
  - react-native-get-random-values (1.8.4):
    - React-Core
  - react-native-orientation-locker (1.5.0):
    - React-Core
  - react-native-safe-area-context (2.0.3):
    - React
  - react-native-simple-toast (1.1.4):
    - React-Core
    - Toast (~> 4.0.0)
  - react-native-version-info (1.1.1):
    - React-Core
  - react-native-view-shot (3.5.0):
    - React-Core
  - react-native-webview (11.26.1):
    - React-Core
  - React-perflogger (0.68.6)
  - React-RCTActionSheet (0.68.6):
    - React-Core/RCTActionSheetHeaders (= 0.68.6)
  - React-RCTAnimation (0.68.6):
    - RCT-Folly (= 2021.06.28.00-v2)
    - RCTTypeSafety (= 0.68.6)
    - React-Codegen (= 0.68.6)
    - React-Core/RCTAnimationHeaders (= 0.68.6)
    - React-jsi (= 0.68.6)
    - ReactCommon/turbomodule/core (= 0.68.6)
  - React-RCTBlob (0.68.6):
    - RCT-Folly (= 2021.06.28.00-v2)
    - React-Codegen (= 0.68.6)
    - React-Core/RCTBlobHeaders (= 0.68.6)
    - React-Core/RCTWebSocket (= 0.68.6)
    - React-jsi (= 0.68.6)
    - React-RCTNetwork (= 0.68.6)
    - ReactCommon/turbomodule/core (= 0.68.6)
  - React-RCTImage (0.68.6):
    - RCT-Folly (= 2021.06.28.00-v2)
    - RCTTypeSafety (= 0.68.6)
    - React-Codegen (= 0.68.6)
    - React-Core/RCTImageHeaders (= 0.68.6)
    - React-jsi (= 0.68.6)
    - React-RCTNetwork (= 0.68.6)
    - ReactCommon/turbomodule/core (= 0.68.6)
  - React-RCTLinking (0.68.6):
    - React-Codegen (= 0.68.6)
    - React-Core/RCTLinkingHeaders (= 0.68.6)
    - React-jsi (= 0.68.6)
    - ReactCommon/turbomodule/core (= 0.68.6)
  - React-RCTNetwork (0.68.6):
    - RCT-Folly (= 2021.06.28.00-v2)
    - RCTTypeSafety (= 0.68.6)
    - React-Codegen (= 0.68.6)
    - React-Core/RCTNetworkHeaders (= 0.68.6)
    - React-jsi (= 0.68.6)
    - ReactCommon/turbomodule/core (= 0.68.6)
  - React-RCTSettings (0.68.6):
    - RCT-Folly (= 2021.06.28.00-v2)
    - RCTTypeSafety (= 0.68.6)
    - React-Codegen (= 0.68.6)
    - React-Core/RCTSettingsHeaders (= 0.68.6)
    - React-jsi (= 0.68.6)
    - ReactCommon/turbomodule/core (= 0.68.6)
  - React-RCTText (0.68.6):
    - React-Core/RCTTextHeaders (= 0.68.6)
  - React-RCTVibration (0.68.6):
    - RCT-Folly (= 2021.06.28.00-v2)
    - React-Codegen (= 0.68.6)
    - React-Core/RCTVibrationHeaders (= 0.68.6)
    - React-jsi (= 0.68.6)
    - ReactCommon/turbomodule/core (= 0.68.6)
  - React-runtimeexecutor (0.68.6):
    - React-jsi (= 0.68.6)
  - ReactCommon/turbomodule/core (0.68.6):
    - DoubleConversion
    - glog
    - RCT-Folly (= 2021.06.28.00-v2)
    - React-callinvoker (= 0.68.6)
    - React-Core (= 0.68.6)
    - React-cxxreact (= 0.68.6)
    - React-jsi (= 0.68.6)
    - React-logger (= 0.68.6)
    - React-perflogger (= 0.68.6)
  - RNBootSplash (3.2.7):
    - React-Core
  - RNCAsyncStorage (1.23.0):
    - React-Core
  - RNCClipboard (1.5.1):
    - React-Core
  - RNCMaskedView (0.1.11):
    - React
  - RNCPicker (1.16.8):
    - React-Core
  - RNFastImage (8.6.3):
    - React-Core
    - SDWebImage (~> 5.11.1)
    - SDWebImageWebPCoder (~> 0.8.4)
  - RNFBAnalytics (19.0.1):
    - Firebase/Analytics (= 10.22.0)
    - React-Core
    - RNFBApp
  - RNFBApp (19.0.1):
    - Firebase/CoreOnly (= 10.22.0)
    - React-Core
  - RNFBCrashlytics (19.0.1):
    - Firebase/Crashlytics (= 10.22.0)
    - FirebaseCoreExtension (= 10.22.0)
    - React-Core
    - RNFBApp
  - RNGestureHandler (1.10.3):
    - React-Core
  - RNKeychain (8.1.1):
    - React-Core
  - RNLocalize (1.4.3):
    - React-Core
  - RNPermissions (3.6.1):
    - React-Core
  - RNReactNativeSharedGroupPreferences (1.1.24):
    - React
  - RNReanimated (2.17.0):
    - DoubleConversion
    - FBLazyVector
    - FBReactNativeSpec
    - glog
    - RCT-Folly
    - RCTRequired
    - RCTTypeSafety
    - React-callinvoker
    - React-Core
    - React-Core/DevSupport
    - React-Core/RCTWebSocket
    - React-CoreModules
    - React-cxxreact
    - React-jsi
    - React-jsiexecutor
    - React-jsinspector
    - React-RCTActionSheet
    - React-RCTAnimation
    - React-RCTBlob
    - React-RCTImage
    - React-RCTLinking
    - React-RCTNetwork
    - React-RCTSettings
    - React-RCTText
    - ReactCommon/turbomodule/core
    - Yoga
  - RNScreens (2.18.1):
    - React-Core
  - RNSVG (12.5.1):
    - React-Core
  - RNVectorIcons (7.1.0):
    - React
  - SDWebImage (5.11.1):
    - SDWebImage/Core (= 5.11.1)
  - SDWebImage/Core (5.11.1)
  - SDWebImageWebPCoder (0.8.5):
    - libwebp (~> 1.0)
    - SDWebImage/Core (~> 5.10)
  - Toast (4.0.0)
  - Yoga (1.14.0)

DEPENDENCIES:
  - boost (from `../node_modules/react-native/third-party-podspecs/boost.podspec`)
  - BVLinearGradient (from `../node_modules/react-native-linear-gradient`)
  - DoubleConversion (from `../node_modules/react-native/third-party-podspecs/DoubleConversion.podspec`)
  - FBLazyVector (from `../node_modules/react-native/Libraries/FBLazyVector`)
  - FBReactNativeSpec (from `../node_modules/react-native/React/FBReactNativeSpec`)
  - glog (from `../node_modules/react-native/third-party-podspecs/glog.podspec`)
  - Permission-Camera (from `../node_modules/react-native-permissions/ios/Camera`)
  - RCT-Folly (from `../node_modules/react-native/third-party-podspecs/RCT-Folly.podspec`)
  - RCTRequired (from `../node_modules/react-native/Libraries/RCTRequired`)
  - RCTTypeSafety (from `../node_modules/react-native/Libraries/TypeSafety`)
  - React (from `../node_modules/react-native/`)
  - React-callinvoker (from `../node_modules/react-native/ReactCommon/callinvoker`)
  - React-Codegen (from `build/generated/ios`)
  - React-Core (from `../node_modules/react-native/`)
  - React-Core/DevSupport (from `../node_modules/react-native/`)
  - React-Core/RCTWebSocket (from `../node_modules/react-native/`)
  - React-CoreModules (from `../node_modules/react-native/React/CoreModules`)
  - React-cxxreact (from `../node_modules/react-native/ReactCommon/cxxreact`)
  - React-jsi (from `../node_modules/react-native/ReactCommon/jsi`)
  - React-jsiexecutor (from `../node_modules/react-native/ReactCommon/jsiexecutor`)
  - React-jsinspector (from `../node_modules/react-native/ReactCommon/jsinspector`)
  - React-logger (from `../node_modules/react-native/ReactCommon/logger`)
  - react-native-camera (from `../node_modules/react-native-camera`)
  - "react-native-get-random-values (from `../node_modules/@react-native-module/get-random-values`)"
  - react-native-orientation-locker (from `../node_modules/react-native-orientation-locker`)
  - react-native-safe-area-context (from `../node_modules/react-native-safe-area-context`)
  - react-native-simple-toast (from `../node_modules/react-native-simple-toast`)
  - react-native-version-info (from `../node_modules/react-native-version-info`)
  - react-native-view-shot (from `../node_modules/react-native-view-shot`)
  - react-native-webview (from `../node_modules/react-native-webview`)
  - React-perflogger (from `../node_modules/react-native/ReactCommon/reactperflogger`)
  - React-RCTActionSheet (from `../node_modules/react-native/Libraries/ActionSheetIOS`)
  - React-RCTAnimation (from `../node_modules/react-native/Libraries/NativeAnimation`)
  - React-RCTBlob (from `../node_modules/react-native/Libraries/Blob`)
  - React-RCTImage (from `../node_modules/react-native/Libraries/Image`)
  - React-RCTLinking (from `../node_modules/react-native/Libraries/LinkingIOS`)
  - React-RCTNetwork (from `../node_modules/react-native/Libraries/Network`)
  - React-RCTSettings (from `../node_modules/react-native/Libraries/Settings`)
  - React-RCTText (from `../node_modules/react-native/Libraries/Text`)
  - React-RCTVibration (from `../node_modules/react-native/Libraries/Vibration`)
  - React-runtimeexecutor (from `../node_modules/react-native/ReactCommon/runtimeexecutor`)
  - ReactCommon/turbomodule/core (from `../node_modules/react-native/ReactCommon`)
  - RNBootSplash (from `../node_modules/react-native-bootsplash`)
  - "RNCAsyncStorage (from `../node_modules/@react-native-async-storage/async-storage`)"
  - "RNCClipboard (from `../node_modules/@react-native-community/clipboard`)"
  - "RNCMaskedView (from `../node_modules/@react-native-community/masked-view`)"
  - "RNCPicker (from `../node_modules/@react-native-picker/picker`)"
  - RNFastImage (from `../node_modules/react-native-fast-image`)
  - "RNFBAnalytics (from `../node_modules/@react-native-firebase/analytics`)"
  - "RNFBApp (from `../node_modules/@react-native-firebase/app`)"
  - "RNFBCrashlytics (from `../node_modules/@react-native-firebase/crashlytics`)"
  - RNGestureHandler (from `../node_modules/react-native-gesture-handler`)
  - RNKeychain (from `../node_modules/react-native-keychain`)
  - RNLocalize (from `../node_modules/react-native-localize`)
  - RNPermissions (from `../node_modules/react-native-permissions`)
  - RNReactNativeSharedGroupPreferences (from `../node_modules/react-native-shared-group-preferences`)
  - RNReanimated (from `../node_modules/react-native-reanimated`)
  - RNScreens (from `../node_modules/react-native-screens`)
  - RNSVG (from `../node_modules/react-native-svg`)
  - RNVectorIcons (from `../node_modules/react-native-vector-icons`)
  - Yoga (from `../node_modules/react-native/ReactCommon/yoga`)

SPEC REPOS:
  trunk:
    - Firebase
    - FirebaseAnalytics
    - FirebaseCore
    - FirebaseCoreExtension
    - FirebaseCoreInternal
    - FirebaseCrashlytics
    - FirebaseInstallations
    - FirebaseSessions
    - fmt
    - GoogleAppMeasurement
    - GoogleDataTransport
    - GoogleUtilities
    - libwebp
    - nanopb
    - PromisesObjC
    - PromisesSwift
    - SDWebImage
    - SDWebImageWebPCoder
    - Toast

EXTERNAL SOURCES:
  boost:
    :podspec: "../node_modules/react-native/third-party-podspecs/boost.podspec"
  BVLinearGradient:
    :path: "../node_modules/react-native-linear-gradient"
  DoubleConversion:
    :podspec: "../node_modules/react-native/third-party-podspecs/DoubleConversion.podspec"
  FBLazyVector:
    :path: "../node_modules/react-native/Libraries/FBLazyVector"
  FBReactNativeSpec:
    :path: "../node_modules/react-native/React/FBReactNativeSpec"
  glog:
    :podspec: "../node_modules/react-native/third-party-podspecs/glog.podspec"
  Permission-Camera:
    :path: "../node_modules/react-native-permissions/ios/Camera"
  RCT-Folly:
    :podspec: "../node_modules/react-native/third-party-podspecs/RCT-Folly.podspec"
  RCTRequired:
    :path: "../node_modules/react-native/Libraries/RCTRequired"
  RCTTypeSafety:
    :path: "../node_modules/react-native/Libraries/TypeSafety"
  React:
    :path: "../node_modules/react-native/"
  React-callinvoker:
    :path: "../node_modules/react-native/ReactCommon/callinvoker"
  React-Codegen:
    :path: build/generated/ios
  React-Core:
    :path: "../node_modules/react-native/"
  React-CoreModules:
    :path: "../node_modules/react-native/React/CoreModules"
  React-cxxreact:
    :path: "../node_modules/react-native/ReactCommon/cxxreact"
  React-jsi:
    :path: "../node_modules/react-native/ReactCommon/jsi"
  React-jsiexecutor:
    :path: "../node_modules/react-native/ReactCommon/jsiexecutor"
  React-jsinspector:
    :path: "../node_modules/react-native/ReactCommon/jsinspector"
  React-logger:
    :path: "../node_modules/react-native/ReactCommon/logger"
  react-native-camera:
    :path: "../node_modules/react-native-camera"
  react-native-get-random-values:
    :path: "../node_modules/@react-native-module/get-random-values"
  react-native-orientation-locker:
    :path: "../node_modules/react-native-orientation-locker"
  react-native-safe-area-context:
    :path: "../node_modules/react-native-safe-area-context"
  react-native-simple-toast:
    :path: "../node_modules/react-native-simple-toast"
  react-native-version-info:
    :path: "../node_modules/react-native-version-info"
  react-native-view-shot:
    :path: "../node_modules/react-native-view-shot"
  react-native-webview:
    :path: "../node_modules/react-native-webview"
  React-perflogger:
    :path: "../node_modules/react-native/ReactCommon/reactperflogger"
  React-RCTActionSheet:
    :path: "../node_modules/react-native/Libraries/ActionSheetIOS"
  React-RCTAnimation:
    :path: "../node_modules/react-native/Libraries/NativeAnimation"
  React-RCTBlob:
    :path: "../node_modules/react-native/Libraries/Blob"
  React-RCTImage:
    :path: "../node_modules/react-native/Libraries/Image"
  React-RCTLinking:
    :path: "../node_modules/react-native/Libraries/LinkingIOS"
  React-RCTNetwork:
    :path: "../node_modules/react-native/Libraries/Network"
  React-RCTSettings:
    :path: "../node_modules/react-native/Libraries/Settings"
  React-RCTText:
    :path: "../node_modules/react-native/Libraries/Text"
  React-RCTVibration:
    :path: "../node_modules/react-native/Libraries/Vibration"
  React-runtimeexecutor:
    :path: "../node_modules/react-native/ReactCommon/runtimeexecutor"
  ReactCommon:
    :path: "../node_modules/react-native/ReactCommon"
  RNBootSplash:
    :path: "../node_modules/react-native-bootsplash"
  RNCAsyncStorage:
    :path: "../node_modules/@react-native-async-storage/async-storage"
  RNCClipboard:
    :path: "../node_modules/@react-native-community/clipboard"
  RNCMaskedView:
    :path: "../node_modules/@react-native-community/masked-view"
  RNCPicker:
    :path: "../node_modules/@react-native-picker/picker"
  RNFastImage:
    :path: "../node_modules/react-native-fast-image"
  RNFBAnalytics:
    :path: "../node_modules/@react-native-firebase/analytics"
  RNFBApp:
    :path: "../node_modules/@react-native-firebase/app"
  RNFBCrashlytics:
    :path: "../node_modules/@react-native-firebase/crashlytics"
  RNGestureHandler:
    :path: "../node_modules/react-native-gesture-handler"
  RNKeychain:
    :path: "../node_modules/react-native-keychain"
  RNLocalize:
    :path: "../node_modules/react-native-localize"
  RNPermissions:
    :path: "../node_modules/react-native-permissions"
  RNReactNativeSharedGroupPreferences:
    :path: "../node_modules/react-native-shared-group-preferences"
  RNReanimated:
    :path: "../node_modules/react-native-reanimated"
  RNScreens:
    :path: "../node_modules/react-native-screens"
  RNSVG:
    :path: "../node_modules/react-native-svg"
  RNVectorIcons:
    :path: "../node_modules/react-native-vector-icons"
  Yoga:
    :path: "../node_modules/react-native/ReactCommon/yoga"

SPEC CHECKSUMS:
  boost: a7c83b31436843459a1961bfd74b96033dc77234
  BVLinearGradient: 34a999fda29036898a09c6a6b728b0b4189e1a44
  DoubleConversion: 831926d9b8bf8166fd87886c4abab286c2422662
  FBLazyVector: 74b042924fe14da854ac4e87cefc417f583b22b1
  FBReactNativeSpec: cc0037b9914b9b1d92a15f179bc3e2e2c7cc0c6f
  Firebase: 797fd7297b7e1be954432743a0b3f90038e45a71
  FirebaseAnalytics: 8d0ff929c63b7f72260f332b86ccf569776b75d3
  FirebaseCore: 0326ec9b05fbed8f8716cddbf0e36894a13837f7
  FirebaseCoreExtension: 6394c00b887d0bebadbc7049c464aa0cbddc5d41
  FirebaseCoreInternal: 6a292e6f0bece1243a737e81556e56e5e19282e3
  FirebaseCrashlytics: e568d68ce89117c80cddb04073ab9018725fbb8c
  FirebaseInstallations: 42d6ead4605d6eafb3b6683674e80e18eb6f2c35
  FirebaseSessions: f06853e30f99fe42aa511014d7ee6c8c319f08a3
  fmt: ff9d55029c625d3757ed641535fd4a75fedc7ce9
  glog: 476ee3e89abb49e07f822b48323c51c57124b572
  GoogleAppMeasurement: ccefe3eac9b0aa27f96066809fb1a7fe4b462626
  GoogleDataTransport: 6c09b596d841063d76d4288cc2d2f42cc36e1e2a
  GoogleUtilities: d053d902a8edaa9904e1bd00c37535385b8ed152
  libwebp: 1786c9f4ff8a279e4dac1e8f385004d5fc253009
  nanopb: 438bc412db1928dac798aa6fd75726007be04262
  Permission-Camera: bf6791b17c7f614b6826019fcfdcc286d3a107f6
  PromisesObjC: f5707f49cb48b9636751c5b2e7d227e43fba9f47
  PromisesSwift: 9d77319bbe72ebf6d872900551f7eeba9bce2851
  RCT-Folly: 4d8508a426467c48885f1151029bc15fa5d7b3b8
  RCTRequired: 92cbd71369a2de6add25fd2403ac39838f1b694f
  RCTTypeSafety: 494e8af41d7410ed0b877210859ee3984f37e6b4
  React: 59989499c0e8926a90d34a9ae0bdb2d1b5b53406
  React-callinvoker: 8187db1c71cf2c1c66e8f7328a0cf77a2b255d94
  React-Codegen: e806dc2f10ddae645d855cb58acf73ce41eb8ea5
  React-Core: fc7339b493e368ae079850a4721bdf716cf3dba2
  React-CoreModules: 2f54f6bbf2764044379332089fcbdaf79197021e
  React-cxxreact: ee119270006794976e1ab271f0111a5a88b16bcf
  React-jsi: ec691b2a475d13b1fd39f697145a526eeeb6661c
  React-jsiexecutor: b4ce4afc5dd9c8fdd2ac59049ccf420f288ecef7
  React-jsinspector: e396d5e56af08fce39f50571726b68a40f1e302d
  React-logger: cec52b3f8fb0be0d47b2cb75dec69de60f2de3b6
  react-native-camera: b8cc03e2feec0c04403d0998e37cf519d8fd4c6f
  react-native-get-random-values: ffa0d20db4c7b54a06986d6f85877e64ca9760d2
  react-native-orientation-locker: 851f6510d8046ea2f14aa169b1e01fcd309a94ba
  react-native-safe-area-context: 14c793e8b0bfe51e74dcdbe75dd14ee7498b88b8
  react-native-simple-toast: 8ee5d23f0b92b935ab7434cdb65159ce12dfb4b7
  react-native-version-info: a106f23009ac0db4ee00de39574eb546682579b9
  react-native-view-shot: 792829857bbb23a9c8acdad9a640554bdee397a3
  react-native-webview: 9f111dfbcfc826084d6c507f569e5e03342ee1c1
  React-perflogger: 46620fc6d1c3157b60ed28434e08f7fd7f3f3353
  React-RCTActionSheet: b1f7e72a0ba760ec684df335c61f730b5179f5ff
  React-RCTAnimation: d73b62d42867ab608dfb10e100d8b91106275b18
  React-RCTBlob: b5f59693721d50967c35598158e6ca01b474c7de
  React-RCTImage: 37cf34d0c2fbef2e0278d42a7c5e8ea06a9fed6b
  React-RCTLinking: a11dced20019cf1c2ec7fd120f18b08f2851f79e
  React-RCTNetwork: ba097188e5eac42e070029e7cedd9b978940833a
  React-RCTSettings: 147073708a1c1bde521cf3af045a675682772726
  React-RCTText: 23f76ebfb2717d181476432e5ecf1c6c4a104c5e
  React-RCTVibration: be5f18ffc644f96f904e0e673ab639ca5d673ee8
  React-runtimeexecutor: d5498cfb7059bf8397b6416db4777843f3f4c1e7
  ReactCommon: 1974dab5108c79b40199f12a4833d2499b9f6303
  RNBootSplash: f31eba8f6d496e2029859e06e5582cac4607256d
  RNCAsyncStorage: e31a32913b3b5d8a42621be993a8f51c34073f1f
  RNCClipboard: 41d8d918092ae8e676f18adada19104fa3e68495
  RNCMaskedView: 0e1bc4bfa8365eba5fbbb71e07fbdc0555249489
  RNCPicker: 0991c56da7815c0cf946d6f63cf920b25296e5f6
  RNFastImage: 5c9c9fed9c076e521b3f509fe79e790418a544e8
  RNFBAnalytics: 03bc74eaf27ed5d38f51ab9c59cc16feedc60e20
  RNFBApp: 94f7fca150585cb1ad3802a6c6d356e9a8b95b34
  RNFBCrashlytics: 0a3a5d827b4a89c041d2aaf2ab9ab5f017009729
  RNGestureHandler: a479ebd5ed4221a810967000735517df0d2db211
  RNKeychain: ff836453cba46938e0e9e4c22e43d43fa2c90333
  RNLocalize: 7c7aeda16c01db7a0918981c14875c0a53be9b79
  RNPermissions: dcdb7b99796bbeda6975a6e79ad519c41b251b1c
  RNReactNativeSharedGroupPreferences: 29092869fc2e40d5baca5e15d82fa5c24a668977
  RNReanimated: 1f117be601c59177816351a965bc57320b766c15
  RNScreens: f7ad633b2e0190b77b6a7aab7f914fad6f198d8d
  RNSVG: d7d7bc8229af3842c9cfc3a723c815a52cdd1105
  RNVectorIcons: bc69e6a278b14842063605de32bec61f0b251a59
  SDWebImage: a7f831e1a65eb5e285e3fb046a23fcfbf08e696d
  SDWebImageWebPCoder: 908b83b6adda48effe7667cd2b7f78c897e5111d
  Toast: 91b396c56ee72a5790816f40d3a94dd357abc196
  Yoga: 7929b92b1828675c1bebeb114dae8cb8fa7ef6a3

PODFILE CHECKSUM: e825289567565dbbd05a7d8f51497a67e4f0ea2d

COCOAPODS: 1.15.2
